
Microsoft Visual Studio Solution File, Format Version 12.00
# Visual Studio 14
VisualStudioVersion = 14.0.25420.1
MinimumVisualStudioVersion = 10.0.40219.1
Project("{FAE04EC0-301F-11D3-BF4B-00C04F79EFBC}") = "FONTERRA", "FONTERRA\FONTERRA.csproj", "{9CF44FD0-AA5E-4804-B709-4C66A67866EA}"
EndProject
Global
	GlobalSection(SolutionConfigurationPlatforms) = preSolution
		Debug|Any CPU = Debug|Any CPU
		Release|Any CPU = Release|Any CPU
	EndGlobalSection
	GlobalSection(ProjectConfigurationPlatforms) = postSolution
		{9CF44FD0-AA5E-4804-B709-4C66A67866EA}.Debug|Any CPU.ActiveCfg = Debug|Any CPU
		{9CF44FD0-AA5E-4804-B709-4C66A67866EA}.Debug|Any CPU.Build.0 = Debug|Any CPU
		{9CF44FD0-AA5E-4804-B709-4C66A67866EA}.Release|Any CPU.ActiveCfg = Release|Any CPU
		{9CF44FD0-AA5E-4804-B709-4C66A67866EA}.Release|Any CPU.Build.0 = Release|Any CPU
	EndGlobalSection
	GlobalSection(SolutionProperties) = preSolution
		HideSolutionNode = FALSE
	EndGlobalSection
EndGlobal
